
Microsoft Visual Studio Solution File, Format Version 12.00
# Visual Studio Version 16
VisualStudioVersion = 16.0.30309.148
MinimumVisualStudioVersion = 10.0.40219.1
Project("{FAE04EC0-301F-11D3-BF4B-00C04F79EFBC}") = "BlazorWasmPwaCamera", "BlazorWasmPwaCamera\BlazorWasmPwaCamera.csproj", "{F8E8A958-72E4-4308-8417-024F586484B7}"
EndProject
Global
	GlobalSection(SolutionConfigurationPlatforms) = preSolution
		Debug|Any CPU = Debug|Any CPU
		Release|Any CPU = Release|Any CPU
	EndGlobalSection
	GlobalSection(ProjectConfigurationPlatforms) = postSolution
		{F8E8A958-72E4-4308-8417-024F586484B7}.Debug|Any CPU.ActiveCfg = Debug|Any CPU
		{F8E8A958-72E4-4308-8417-024F586484B7}.Debug|Any CPU.Build.0 = Debug|Any CPU
		{F8E8A958-72E4-4308-8417-024F586484B7}.Release|Any CPU.ActiveCfg = Release|Any CPU
		{F8E8A958-72E4-4308-8417-024F586484B7}.Release|Any CPU.Build.0 = Release|Any CPU
	EndGlobalSection
	GlobalSection(SolutionProperties) = preSolution
		HideSolutionNode = FALSE
	EndGlobalSection
	GlobalSection(ExtensibilityGlobals) = postSolution
		SolutionGuid = {310DF142-BD21-4326-8554-02A9E4AF5A4E}
	EndGlobalSection
EndGlobal
